
Microsoft Visual Studio Solution File, Format Version 12.00
# Visual Studio Version 17
VisualStudioVersion = 17.8.34408.163
MinimumVisualStudioVersion = 10.0.40219.1
Project("{9A19103F-16F7-4668-BE54-9A1E7A4F7556}") = "ConsoleApp", "src\ConsoleApp\ConsoleApp.csproj", "{EF270D89-E9A8-428D-AF2C-A43541799AE0}"
EndProject
Project("{2150E333-8FDC-42A3-9474-1A3956D46DE8}") = "src", "src", "{2B98E04A-A681-4E04-9C72-0639413ECF66}"
EndProject
Project("{2150E333-8FDC-42A3-9474-1A3956D46DE8}") = "test", "test", "{892EBA91-64A4-4E1A-B076-698934276723}"
EndProject
Project("{FAE04EC0-301F-11D3-BF4B-00C04F79EFBC}") = "Problems", "src\Problems\Problems.csproj", "{2FEE3D4D-B359-4257-99EE-705942CE026A}"
EndProject
Project("{FAE04EC0-301F-11D3-BF4B-00C04F79EFBC}") = "UnitTests", "test\UnitTests\UnitTests.csproj", "{A7DABD93-30F1-4C94-BF5C-FF38D235E564}"
EndProject
Global
	GlobalSection(SolutionConfigurationPlatforms) = preSolution
		Debug|Any CPU = Debug|Any CPU
		Release|Any CPU = Release|Any CPU
	EndGlobalSection
	GlobalSection(ProjectConfigurationPlatforms) = postSolution
		{EF270D89-E9A8-428D-AF2C-A43541799AE0}.Debug|Any CPU.ActiveCfg = Debug|Any CPU
		{EF270D89-E9A8-428D-AF2C-A43541799AE0}.Debug|Any CPU.Build.0 = Debug|Any CPU
		{EF270D89-E9A8-428D-AF2C-A43541799AE0}.Release|Any CPU.ActiveCfg = Release|Any CPU
		{EF270D89-E9A8-428D-AF2C-A43541799AE0}.Release|Any CPU.Build.0 = Release|Any CPU
		{2FEE3D4D-B359-4257-99EE-705942CE026A}.Debug|Any CPU.ActiveCfg = Debug|Any CPU
		{2FEE3D4D-B359-4257-99EE-705942CE026A}.Debug|Any CPU.Build.0 = Debug|Any CPU
		{2FEE3D4D-B359-4257-99EE-705942CE026A}.Release|Any CPU.ActiveCfg = Release|Any CPU
		{2FEE3D4D-B359-4257-99EE-705942CE026A}.Release|Any CPU.Build.0 = Release|Any CPU
		{A7DABD93-30F1-4C94-BF5C-FF38D235E564}.Debug|Any CPU.ActiveCfg = Debug|Any CPU
		{A7DABD93-30F1-4C94-BF5C-FF38D235E564}.Debug|Any CPU.Build.0 = Debug|Any CPU
		{A7DABD93-30F1-4C94-BF5C-FF38D235E564}.Release|Any CPU.ActiveCfg = Release|Any CPU
		{A7DABD93-30F1-4C94-BF5C-FF38D235E564}.Release|Any CPU.Build.0 = Release|Any CPU
	EndGlobalSection
	GlobalSection(SolutionProperties) = preSolution
		HideSolutionNode = FALSE
	EndGlobalSection
	GlobalSection(NestedProjects) = preSolution
		{EF270D89-E9A8-428D-AF2C-A43541799AE0} = {2B98E04A-A681-4E04-9C72-0639413ECF66}
		{2FEE3D4D-B359-4257-99EE-705942CE026A} = {2B98E04A-A681-4E04-9C72-0639413ECF66}
		{A7DABD93-30F1-4C94-BF5C-FF38D235E564} = {892EBA91-64A4-4E1A-B076-698934276723}
	EndGlobalSection
	GlobalSection(ExtensibilityGlobals) = postSolution
		SolutionGuid = {D1391A43-8652-4A0E-B20B-C5C41F28BFC5}
	EndGlobalSection
EndGlobal
